Microsoft Visual Studio Solution File, Format Version 9.00
# Visual C++ Express 2005
Project("{8BC9CEB8-8B4A-11D0-8D11-00A0C91BC942}") = "GameEngine", "GameEngine.vcproj", "{50875983-6762-4033-9505-170485253426}"
	ProjectSection(ProjectDependencies) = postProject
		{6FB79627-F120-43FA-85BE-9D5D6BD7B417} = {6FB79627-F120-43FA-85BE-9D5D6BD7B417}
	EndProjectSection
EndProject
Project("{8BC9CEB8-8B4A-11D0-8D11-00A0C91BC942}") = "TexPainter", "TexPainter.vcproj", "{C286DEF5-CA7D-4555-933D-B1AC8A497C99}"
	ProjectSection(ProjectDependencies) = postProject
		{50875983-6762-4033-9505-170485253426} = {50875983-6762-4033-9505-170485253426}
		{3690FE99-B7EC-4AAF-AFDE-55BFADB938FD} = {3690FE99-B7EC-4AAF-AFDE-55BFADB938FD}
		{007D80E1-7B61-4F49-A071-4B28AAD1C1EA} = {007D80E1-7B61-4F49-A071-4B28AAD1C1EA}
		{8EFFF1FF-F508-4A98-8D22-E3CE6BA53B6B} = {8EFFF1FF-F508-4A98-8D22-E3CE6BA53B6B}
	EndProjectSection
EndProject
Project("{8BC9CEB8-8B4A-11D0-8D11-00A0C91BC942}") = "Showcase", "Showcase.vcproj", "{E7D85EDE-059C-4BE1-9B5E-8A2AC894E3A2}"
	ProjectSection(ProjectDependencies) = postProject
		{50875983-6762-4033-9505-170485253426} = {50875983-6762-4033-9505-170485253426}
	EndProjectSection
EndProject
Project("{8BC9CEB8-8B4A-11D0-8D11-00A0C91BC942}") = "TestHmesh", "TestHmesh.vcproj", "{817D9579-DC33-44C2-B65C-E4001EF5AB33}"
	ProjectSection(ProjectDependencies) = postProject
		{50875983-6762-4033-9505-170485253426} = {50875983-6762-4033-9505-170485253426}
	EndProjectSection
EndProject
Project("{8BC9CEB8-8B4A-11D0-8D11-00A0C91BC942}") = "TestSkin", "TestSkin.vcproj", "{EF39294F-D40F-44CF-84EF-87070456ED22}"
	ProjectSection(ProjectDependencies) = postProject
		{50875983-6762-4033-9505-170485253426} = {50875983-6762-4033-9505-170485253426}
		{3690FE99-B7EC-4AAF-AFDE-55BFADB938FD} = {3690FE99-B7EC-4AAF-AFDE-55BFADB938FD}
		{007D80E1-7B61-4F49-A071-4B28AAD1C1EA} = {007D80E1-7B61-4F49-A071-4B28AAD1C1EA}
		{8EFFF1FF-F508-4A98-8D22-E3CE6BA53B6B} = {8EFFF1FF-F508-4A98-8D22-E3CE6BA53B6B}
	EndProjectSection
EndProject
Project("{8BC9CEB8-8B4A-11D0-8D11-00A0C91BC942}") = "GameUtil", "GameUtil.vcproj", "{8EFFF1FF-F508-4A98-8D22-E3CE6BA53B6B}"
EndProject
Project("{8BC9CEB8-8B4A-11D0-8D11-00A0C91BC942}") = "GameImage", "GameImage.vcproj", "{3690FE99-B7EC-4AAF-AFDE-55BFADB938FD}"
EndProject
Project("{8BC9CEB8-8B4A-11D0-8D11-00A0C91BC942}") = "GameIO", "GameIO.vcproj", "{007D80E1-7B61-4F49-A071-4B28AAD1C1EA}"
EndProject
Project("{8BC9CEB8-8B4A-11D0-8D11-00A0C91BC942}") = "TestShadow", "TestShadow.vcproj", "{8D542EA2-9483-489A-92A0-7E820EF518B3}"
	ProjectSection(ProjectDependencies) = postProject
		{50875983-6762-4033-9505-170485253426} = {50875983-6762-4033-9505-170485253426}
		{3690FE99-B7EC-4AAF-AFDE-55BFADB938FD} = {3690FE99-B7EC-4AAF-AFDE-55BFADB938FD}
		{007D80E1-7B61-4F49-A071-4B28AAD1C1EA} = {007D80E1-7B61-4F49-A071-4B28AAD1C1EA}
		{8EFFF1FF-F508-4A98-8D22-E3CE6BA53B6B} = {8EFFF1FF-F508-4A98-8D22-E3CE6BA53B6B}
	EndProjectSection
EndProject
Project("{8BC9CEB8-8B4A-11D0-8D11-00A0C91BC942}") = "GameEditor", "GameEditor.vcproj", "{69F738F0-6458-4767-AC9B-36935A7B1025}"
	ProjectSection(ProjectDependencies) = postProject
		{50875983-6762-4033-9505-170485253426} = {50875983-6762-4033-9505-170485253426}
		{3690FE99-B7EC-4AAF-AFDE-55BFADB938FD} = {3690FE99-B7EC-4AAF-AFDE-55BFADB938FD}
		{007D80E1-7B61-4F49-A071-4B28AAD1C1EA} = {007D80E1-7B61-4F49-A071-4B28AAD1C1EA}
		{8EFFF1FF-F508-4A98-8D22-E3CE6BA53B6B} = {8EFFF1FF-F508-4A98-8D22-E3CE6BA53B6B}
	EndProjectSection
EndProject
Project("{8BC9CEB8-8B4A-11D0-8D11-00A0C91BC942}") = "MayaExporter", "MayaExporter.vcproj", "{A018E77F-1BB2-4107-828E-21D50F6D58CB}"
	ProjectSection(ProjectDependencies) = postProject
		{50875983-6762-4033-9505-170485253426} = {50875983-6762-4033-9505-170485253426}
		{3690FE99-B7EC-4AAF-AFDE-55BFADB938FD} = {3690FE99-B7EC-4AAF-AFDE-55BFADB938FD}
		{007D80E1-7B61-4F49-A071-4B28AAD1C1EA} = {007D80E1-7B61-4F49-A071-4B28AAD1C1EA}
		{8EFFF1FF-F508-4A98-8D22-E3CE6BA53B6B} = {8EFFF1FF-F508-4A98-8D22-E3CE6BA53B6B}
	EndProjectSection
EndProject
Project("{8BC9CEB8-8B4A-11D0-8D11-00A0C91BC942}") = "Embedit", "Embedit.vcproj", "{6FB79627-F120-43FA-85BE-9D5D6BD7B417}"
EndProject
Project("{8BC9CEB8-8B4A-11D0-8D11-00A0C91BC942}") = "DemoCity", "DemoCity.vcproj", "{353D2841-1EDE-427F-A387-E2CC771FE00F}"
	ProjectSection(ProjectDependencies) = postProject
		{6FB79627-F120-43FA-85BE-9D5D6BD7B417} = {6FB79627-F120-43FA-85BE-9D5D6BD7B417}
		{50875983-6762-4033-9505-170485253426} = {50875983-6762-4033-9505-170485253426}
		{3690FE99-B7EC-4AAF-AFDE-55BFADB938FD} = {3690FE99-B7EC-4AAF-AFDE-55BFADB938FD}
		{007D80E1-7B61-4F49-A071-4B28AAD1C1EA} = {007D80E1-7B61-4F49-A071-4B28AAD1C1EA}
		{8EFFF1FF-F508-4A98-8D22-E3CE6BA53B6B} = {8EFFF1FF-F508-4A98-8D22-E3CE6BA53B6B}
	EndProjectSection
EndProject
Project("{8BC9CEB8-8B4A-11D0-8D11-00A0C91BC942}") = "DemoCityLights", "DemoCityLights.vcproj", "{0936959B-C73C-47FE-B000-2EDDCC3CA180}"
	ProjectSection(ProjectDependencies) = postProject
		{6FB79627-F120-43FA-85BE-9D5D6BD7B417} = {6FB79627-F120-43FA-85BE-9D5D6BD7B417}
		{50875983-6762-4033-9505-170485253426} = {50875983-6762-4033-9505-170485253426}
		{3690FE99-B7EC-4AAF-AFDE-55BFADB938FD} = {3690FE99-B7EC-4AAF-AFDE-55BFADB938FD}
		{007D80E1-7B61-4F49-A071-4B28AAD1C1EA} = {007D80E1-7B61-4F49-A071-4B28AAD1C1EA}
		{8EFFF1FF-F508-4A98-8D22-E3CE6BA53B6B} = {8EFFF1FF-F508-4A98-8D22-E3CE6BA53B6B}
	EndProjectSection
EndProject
Project("{8BC9CEB8-8B4A-11D0-8D11-00A0C91BC942}") = "Demo1", "Demo1.vcproj", "{0E6A3BE3-FA78-463C-9A10-ABD400098A14}"
	ProjectSection(ProjectDependencies) = postProject
		{8EFFF1FF-F508-4A98-8D22-E3CE6BA53B6B} = {8EFFF1FF-F508-4A98-8D22-E3CE6BA53B6B}
		{007D80E1-7B61-4F49-A071-4B28AAD1C1EA} = {007D80E1-7B61-4F49-A071-4B28AAD1C1EA}
		{3690FE99-B7EC-4AAF-AFDE-55BFADB938FD} = {3690FE99-B7EC-4AAF-AFDE-55BFADB938FD}
		{50875983-6762-4033-9505-170485253426} = {50875983-6762-4033-9505-170485253426}
		{6FB79627-F120-43FA-85BE-9D5D6BD7B417} = {6FB79627-F120-43FA-85BE-9D5D6BD7B417}
	EndProjectSection
EndProject
Project("{8BC9CEB8-8B4A-11D0-8D11-00A0C91BC942}") = "Demo2", "Demo2.vcproj", "{6EFA8330-6500-426B-A538-5E8735A5B4EB}"
	ProjectSection(ProjectDependencies) = postProject
		{6FB79627-F120-43FA-85BE-9D5D6BD7B417} = {6FB79627-F120-43FA-85BE-9D5D6BD7B417}
		{50875983-6762-4033-9505-170485253426} = {50875983-6762-4033-9505-170485253426}
		{3690FE99-B7EC-4AAF-AFDE-55BFADB938FD} = {3690FE99-B7EC-4AAF-AFDE-55BFADB938FD}
		{007D80E1-7B61-4F49-A071-4B28AAD1C1EA} = {007D80E1-7B61-4F49-A071-4B28AAD1C1EA}
		{8EFFF1FF-F508-4A98-8D22-E3CE6BA53B6B} = {8EFFF1FF-F508-4A98-8D22-E3CE6BA53B6B}
	EndProjectSection
EndProject
Project("{8BC9CEB8-8B4A-11D0-8D11-00A0C91BC942}") = "Demo3", "Demo3.vcproj", "{0838EC94-31E7-4165-B483-F4D80C0422E8}"
	ProjectSection(ProjectDependencies) = postProject
		{8EFFF1FF-F508-4A98-8D22-E3CE6BA53B6B} = {8EFFF1FF-F508-4A98-8D22-E3CE6BA53B6B}
		{007D80E1-7B61-4F49-A071-4B28AAD1C1EA} = {007D80E1-7B61-4F49-A071-4B28AAD1C1EA}
		{3690FE99-B7EC-4AAF-AFDE-55BFADB938FD} = {3690FE99-B7EC-4AAF-AFDE-55BFADB938FD}
		{50875983-6762-4033-9505-170485253426} = {50875983-6762-4033-9505-170485253426}
		{6FB79627-F120-43FA-85BE-9D5D6BD7B417} = {6FB79627-F120-43FA-85BE-9D5D6BD7B417}
	EndProjectSection
EndProject
Project("{8BC9CEB8-8B4A-11D0-8D11-00A0C91BC942}") = "Demo4", "Demo4.vcproj", "{CDE012A4-95FA-4C69-AB6A-709A104C401A}"
	ProjectSection(ProjectDependencies) = postProject
		{6FB79627-F120-43FA-85BE-9D5D6BD7B417} = {6FB79627-F120-43FA-85BE-9D5D6BD7B417}
		{50875983-6762-4033-9505-170485253426} = {50875983-6762-4033-9505-170485253426}
		{3690FE99-B7EC-4AAF-AFDE-55BFADB938FD} = {3690FE99-B7EC-4AAF-AFDE-55BFADB938FD}
		{007D80E1-7B61-4F49-A071-4B28AAD1C1EA} = {007D80E1-7B61-4F49-A071-4B28AAD1C1EA}
		{8EFFF1FF-F508-4A98-8D22-E3CE6BA53B6B} = {8EFFF1FF-F508-4A98-8D22-E3CE6BA53B6B}
	EndProjectSection
EndProject
Global
	GlobalSection(SolutionConfigurationPlatforms) = preSolution
		Debug|Win32 = Debug|Win32
		Release|Win32 = Release|Win32
	EndGlobalSection
	GlobalSection(ProjectConfigurationPlatforms) = postSolution
		{50875983-6762-4033-9505-170485253426}.Debug|Win32.ActiveCfg = Debug|Win32
		{50875983-6762-4033-9505-170485253426}.Debug|Win32.Build.0 = Debug|Win32
		{50875983-6762-4033-9505-170485253426}.Release|Win32.ActiveCfg = Release|Win32
		{50875983-6762-4033-9505-170485253426}.Release|Win32.Build.0 = Release|Win32
		{C286DEF5-CA7D-4555-933D-B1AC8A497C99}.Debug|Win32.ActiveCfg = Debug|Win32
		{C286DEF5-CA7D-4555-933D-B1AC8A497C99}.Debug|Win32.Build.0 = Debug|Win32
		{C286DEF5-CA7D-4555-933D-B1AC8A497C99}.Release|Win32.ActiveCfg = Release|Win32
		{C286DEF5-CA7D-4555-933D-B1AC8A497C99}.Release|Win32.Build.0 = Release|Win32
		{E7D85EDE-059C-4BE1-9B5E-8A2AC894E3A2}.Debug|Win32.ActiveCfg = Debug|Win32
		{E7D85EDE-059C-4BE1-9B5E-8A2AC894E3A2}.Release|Win32.ActiveCfg = Release|Win32
		{817D9579-DC33-44C2-B65C-E4001EF5AB33}.Debug|Win32.ActiveCfg = Debug|Win32
		{817D9579-DC33-44C2-B65C-E4001EF5AB33}.Release|Win32.ActiveCfg = Release|Win32
		{EF39294F-D40F-44CF-84EF-87070456ED22}.Debug|Win32.ActiveCfg = Debug|Win32
		{EF39294F-D40F-44CF-84EF-87070456ED22}.Debug|Win32.Build.0 = Debug|Win32
		{EF39294F-D40F-44CF-84EF-87070456ED22}.Release|Win32.ActiveCfg = Release|Win32
		{EF39294F-D40F-44CF-84EF-87070456ED22}.Release|Win32.Build.0 = Release|Win32
		{8EFFF1FF-F508-4A98-8D22-E3CE6BA53B6B}.Debug|Win32.ActiveCfg = Debug|Win32
		{8EFFF1FF-F508-4A98-8D22-E3CE6BA53B6B}.Debug|Win32.Build.0 = Debug|Win32
		{8EFFF1FF-F508-4A98-8D22-E3CE6BA53B6B}.Release|Win32.ActiveCfg = Release|Win32
		{8EFFF1FF-F508-4A98-8D22-E3CE6BA53B6B}.Release|Win32.Build.0 = Release|Win32
		{3690FE99-B7EC-4AAF-AFDE-55BFADB938FD}.Debug|Win32.ActiveCfg = Debug|Win32
		{3690FE99-B7EC-4AAF-AFDE-55BFADB938FD}.Debug|Win32.Build.0 = Debug|Win32
		{3690FE99-B7EC-4AAF-AFDE-55BFADB938FD}.Release|Win32.ActiveCfg = Release|Win32
		{3690FE99-B7EC-4AAF-AFDE-55BFADB938FD}.Release|Win32.Build.0 = Release|Win32
		{007D80E1-7B61-4F49-A071-4B28AAD1C1EA}.Debug|Win32.ActiveCfg = Debug|Win32
		{007D80E1-7B61-4F49-A071-4B28AAD1C1EA}.Debug|Win32.Build.0 = Debug|Win32
		{007D80E1-7B61-4F49-A071-4B28AAD1C1EA}.Release|Win32.ActiveCfg = Release|Win32
		{007D80E1-7B61-4F49-A071-4B28AAD1C1EA}.Release|Win32.Build.0 = Release|Win32
		{8D542EA2-9483-489A-92A0-7E820EF518B3}.Debug|Win32.ActiveCfg = Debug|Win32
		{8D542EA2-9483-489A-92A0-7E820EF518B3}.Debug|Win32.Build.0 = Debug|Win32
		{8D542EA2-9483-489A-92A0-7E820EF518B3}.Release|Win32.ActiveCfg = Release|Win32
		{8D542EA2-9483-489A-92A0-7E820EF518B3}.Release|Win32.Build.0 = Release|Win32
		{69F738F0-6458-4767-AC9B-36935A7B1025}.Debug|Win32.ActiveCfg = Debug|Win32
		{69F738F0-6458-4767-AC9B-36935A7B1025}.Debug|Win32.Build.0 = Debug|Win32
		{69F738F0-6458-4767-AC9B-36935A7B1025}.Release|Win32.ActiveCfg = Release|Win32
		{69F738F0-6458-4767-AC9B-36935A7B1025}.Release|Win32.Build.0 = Release|Win32
		{A018E77F-1BB2-4107-828E-21D50F6D58CB}.Debug|Win32.ActiveCfg = Debug_2008|Win32
		{A018E77F-1BB2-4107-828E-21D50F6D58CB}.Debug|Win32.Build.0 = Debug_2008|Win32
		{A018E77F-1BB2-4107-828E-21D50F6D58CB}.Release|Win32.ActiveCfg = Release_2008|Win32
		{A018E77F-1BB2-4107-828E-21D50F6D58CB}.Release|Win32.Build.0 = Release_2008|Win32
		{6FB79627-F120-43FA-85BE-9D5D6BD7B417}.Debug|Win32.ActiveCfg = Debug|Win32
		{6FB79627-F120-43FA-85BE-9D5D6BD7B417}.Debug|Win32.Build.0 = Debug|Win32
		{6FB79627-F120-43FA-85BE-9D5D6BD7B417}.Release|Win32.ActiveCfg = Release|Win32
		{6FB79627-F120-43FA-85BE-9D5D6BD7B417}.Release|Win32.Build.0 = Release|Win32
		{353D2841-1EDE-427F-A387-E2CC771FE00F}.Debug|Win32.ActiveCfg = Debug|Win32
		{353D2841-1EDE-427F-A387-E2CC771FE00F}.Debug|Win32.Build.0 = Debug|Win32
		{353D2841-1EDE-427F-A387-E2CC771FE00F}.Release|Win32.ActiveCfg = Release|Win32
		{353D2841-1EDE-427F-A387-E2CC771FE00F}.Release|Win32.Build.0 = Release|Win32
		{0936959B-C73C-47FE-B000-2EDDCC3CA180}.Debug|Win32.ActiveCfg = Debug|Win32
		{0936959B-C73C-47FE-B000-2EDDCC3CA180}.Debug|Win32.Build.0 = Debug|Win32
		{0936959B-C73C-47FE-B000-2EDDCC3CA180}.Release|Win32.ActiveCfg = Release|Win32
		{0936959B-C73C-47FE-B000-2EDDCC3CA180}.Release|Win32.Build.0 = Release|Win32
		{0E6A3BE3-FA78-463C-9A10-ABD400098A14}.Debug|Win32.ActiveCfg = Debug|Win32
		{0E6A3BE3-FA78-463C-9A10-ABD400098A14}.Debug|Win32.Build.0 = Debug|Win32
		{0E6A3BE3-FA78-463C-9A10-ABD400098A14}.Release|Win32.ActiveCfg = Release|Win32
		{0E6A3BE3-FA78-463C-9A10-ABD400098A14}.Release|Win32.Build.0 = Release|Win32
		{6EFA8330-6500-426B-A538-5E8735A5B4EB}.Debug|Win32.ActiveCfg = Debug|Win32
		{6EFA8330-6500-426B-A538-5E8735A5B4EB}.Debug|Win32.Build.0 = Debug|Win32
		{6EFA8330-6500-426B-A538-5E8735A5B4EB}.Release|Win32.ActiveCfg = Release|Win32
		{6EFA8330-6500-426B-A538-5E8735A5B4EB}.Release|Win32.Build.0 = Release|Win32
		{0838EC94-31E7-4165-B483-F4D80C0422E8}.Debug|Win32.ActiveCfg = Debug|Win32
		{0838EC94-31E7-4165-B483-F4D80C0422E8}.Debug|Win32.Build.0 = Debug|Win32
		{0838EC94-31E7-4165-B483-F4D80C0422E8}.Release|Win32.ActiveCfg = Release|Win32
		{0838EC94-31E7-4165-B483-F4D80C0422E8}.Release|Win32.Build.0 = Release|Win32
		{CDE012A4-95FA-4C69-AB6A-709A104C401A}.Debug|Win32.ActiveCfg = Debug|Win32
		{CDE012A4-95FA-4C69-AB6A-709A104C401A}.Debug|Win32.Build.0 = Debug|Win32
		{CDE012A4-95FA-4C69-AB6A-709A104C401A}.Release|Win32.ActiveCfg = Release|Win32
		{CDE012A4-95FA-4C69-AB6A-709A104C401A}.Release|Win32.Build.0 = Release|Win32
	EndGlobalSection
	GlobalSection(SolutionProperties) = preSolution
		HideSolutionNode = FALSE
	EndGlobalSection
EndGlobal
